
Microsoft Visual Studio Solution File, Format Version 12.00
# Visual Studio 2012
Project("{FAE04EC0-301F-11D3-BF4B-00C04F79EFBC}") = "ComicBookGallery", "ComicBookGallery\ComicBookGallery.csproj", "{A8F9C283-6EFF-4905-9F41-503FB85AC492}"
EndProject
Global
	GlobalSection(SolutionConfigurationPlatforms) = preSolution
		Debug|Any CPU = Debug|Any CPU
		Release|Any CPU = Release|Any CPU
	EndGlobalSection
	GlobalSection(ProjectConfigurationPlatforms) = postSolution
		{A8F9C283-6EFF-4905-9F41-503FB85AC492}.Debug|Any CPU.ActiveCfg = Debug|Any CPU
		{A8F9C283-6EFF-4905-9F41-503FB85AC492}.Debug|Any CPU.Build.0 = Debug|Any CPU
		{A8F9C283-6EFF-4905-9F41-503FB85AC492}.Release|Any CPU.ActiveCfg = Release|Any CPU
		{A8F9C283-6EFF-4905-9F41-503FB85AC492}.Release|Any CPU.Build.0 = Release|Any CPU
	EndGlobalSection
EndGlobal
